
Microsoft Visual Studio Solution File, Format Version 12.00
# Visual Studio Version 17
VisualStudioVersion = 17.3.32819.101
MinimumVisualStudioVersion = 10.0.40219.1
Project("{9A19103F-16F7-4668-BE54-9A1E7A4F7556}") = "Exercise01", "Exercise01\Exercise01.csproj", "{CF8163FE-3E18-4C91-8DBA-2CF524F08E09}"
EndProject
Project("{9A19103F-16F7-4668-BE54-9A1E7A4F7556}") = "Exercise02", "Exercise02\Exercise02.csproj", "{2B431F63-6ECC-4D84-9485-404F675AF245}"
EndProject
Project("{FAE04EC0-301F-11D3-BF4B-00C04F79EFBC}") = "Execise01.Tests", "Execise01.Tests\Execise01.Tests.csproj", "{EC78DFA7-C8E4-4C2E-99E0-BA135CB456C2}"
EndProject
Global
	GlobalSection(SolutionConfigurationPlatforms) = preSolution
		Debug|Any CPU = Debug|Any CPU
		Release|Any CPU = Release|Any CPU
	EndGlobalSection
	GlobalSection(ProjectConfigurationPlatforms) = postSolution
		{CF8163FE-3E18-4C91-8DBA-2CF524F08E09}.Debug|Any CPU.ActiveCfg = Debug|Any CPU
		{CF8163FE-3E18-4C91-8DBA-2CF524F08E09}.Debug|Any CPU.Build.0 = Debug|Any CPU
		{CF8163FE-3E18-4C91-8DBA-2CF524F08E09}.Release|Any CPU.ActiveCfg = Release|Any CPU
		{CF8163FE-3E18-4C91-8DBA-2CF524F08E09}.Release|Any CPU.Build.0 = Release|Any CPU
		{2B431F63-6ECC-4D84-9485-404F675AF245}.Debug|Any CPU.ActiveCfg = Debug|Any CPU
		{2B431F63-6ECC-4D84-9485-404F675AF245}.Debug|Any CPU.Build.0 = Debug|Any CPU
		{2B431F63-6ECC-4D84-9485-404F675AF245}.Release|Any CPU.ActiveCfg = Release|Any CPU
		{2B431F63-6ECC-4D84-9485-404F675AF245}.Release|Any CPU.Build.0 = Release|Any CPU
		{EC78DFA7-C8E4-4C2E-99E0-BA135CB456C2}.Debug|Any CPU.ActiveCfg = Debug|Any CPU
		{EC78DFA7-C8E4-4C2E-99E0-BA135CB456C2}.Debug|Any CPU.Build.0 = Debug|Any CPU
		{EC78DFA7-C8E4-4C2E-99E0-BA135CB456C2}.Release|Any CPU.ActiveCfg = Release|Any CPU
		{EC78DFA7-C8E4-4C2E-99E0-BA135CB456C2}.Release|Any CPU.Build.0 = Release|Any CPU
	EndGlobalSection
	GlobalSection(SolutionProperties) = preSolution
		HideSolutionNode = FALSE
	EndGlobalSection
	GlobalSection(ExtensibilityGlobals) = postSolution
		SolutionGuid = {C9A6D8C7-8A7F-45FA-9420-39D6F82C3BE3}
	EndGlobalSection
EndGlobal
